
Microsoft Visual Studio Solution File, Format Version 12.00
# Visual Studio 15
VisualStudioVersion = 15.0.27130.2027
MinimumVisualStudioVersion = 10.0.40219.1
Project("{FAE04EC0-301F-11D3-BF4B-00C04F79EFBC}") = "RMBL-FlightService", "RMBL-FlightService\RMBL-FlightService.csproj", "{EF1C308B-AD3D-4361-85A8-B56DBEA83EC0}"
EndProject
Global
	GlobalSection(SolutionConfigurationPlatforms) = preSolution
		Debug|Any CPU = Debug|Any CPU
		Release|Any CPU = Release|Any CPU
	EndGlobalSection
	GlobalSection(ProjectConfigurationPlatforms) = postSolution
		{EF1C308B-AD3D-4361-85A8-B56DBEA83EC0}.Debug|Any CPU.ActiveCfg = Debug|Any CPU
		{EF1C308B-AD3D-4361-85A8-B56DBEA83EC0}.Debug|Any CPU.Build.0 = Debug|Any CPU
		{EF1C308B-AD3D-4361-85A8-B56DBEA83EC0}.Release|Any CPU.ActiveCfg = Release|Any CPU
		{EF1C308B-AD3D-4361-85A8-B56DBEA83EC0}.Release|Any CPU.Build.0 = Release|Any CPU
	EndGlobalSection
	GlobalSection(SolutionProperties) = preSolution
		HideSolutionNode = FALSE
	EndGlobalSection
	GlobalSection(ExtensibilityGlobals) = postSolution
		SolutionGuid = {96DC6F8B-C60B-458A-AE04-E54276C0F8FF}
	EndGlobalSection
EndGlobal
