
Microsoft Visual Studio Solution File, Format Version 12.00
# Visual Studio 15
VisualStudioVersion = 15.0.27130.2027
MinimumVisualStudioVersion = 10.0.40219.1
Project("{9A19103F-16F7-4668-BE54-9A1E7A4F7556}") = "RestApiClient", "RestApiClient\RestApiClient.csproj", "{89F216FB-2EC3-4635-83C4-15386501FC7C}"
EndProject
Project("{FAE04EC0-301F-11D3-BF4B-00C04F79EFBC}") = "BackOffice", "BackOffice\BackOffice.csproj", "{7BA7B522-F37B-4A20-90C3-5FFD3831E7C3}"
EndProject
Global
	GlobalSection(SolutionConfigurationPlatforms) = preSolution
		Debug|Any CPU = Debug|Any CPU
		Release|Any CPU = Release|Any CPU
	EndGlobalSection
	GlobalSection(ProjectConfigurationPlatforms) = postSolution
		{89F216FB-2EC3-4635-83C4-15386501FC7C}.Debug|Any CPU.ActiveCfg = Debug|Any CPU
		{89F216FB-2EC3-4635-83C4-15386501FC7C}.Debug|Any CPU.Build.0 = Debug|Any CPU
		{89F216FB-2EC3-4635-83C4-15386501FC7C}.Release|Any CPU.ActiveCfg = Release|Any CPU
		{89F216FB-2EC3-4635-83C4-15386501FC7C}.Release|Any CPU.Build.0 = Release|Any CPU
		{7BA7B522-F37B-4A20-90C3-5FFD3831E7C3}.Debug|Any CPU.ActiveCfg = Debug|Any CPU
		{7BA7B522-F37B-4A20-90C3-5FFD3831E7C3}.Debug|Any CPU.Build.0 = Debug|Any CPU
		{7BA7B522-F37B-4A20-90C3-5FFD3831E7C3}.Release|Any CPU.ActiveCfg = Release|Any CPU
		{7BA7B522-F37B-4A20-90C3-5FFD3831E7C3}.Release|Any CPU.Build.0 = Release|Any CPU
	EndGlobalSection
	GlobalSection(SolutionProperties) = preSolution
		HideSolutionNode = FALSE
	EndGlobalSection
	GlobalSection(ExtensibilityGlobals) = postSolution
		SolutionGuid = {F7A0FD5F-0F8E-4E1F-9D92-0D8EB2852376}
	EndGlobalSection
EndGlobal
