
Microsoft Visual Studio Solution File, Format Version 12.00
# Visual Studio 15
VisualStudioVersion = 15.0.27130.2027
MinimumVisualStudioVersion = 10.0.40219.1
Project("{FAE04EC0-301F-11D3-BF4B-00C04F79EFBC}") = "DatabaseRepository", "DatabaseRepository\DatabaseRepository.csproj", "{41D1E8B8-940D-4431-B7EC-DF733B08839A}"
EndProject
Project("{FAE04EC0-301F-11D3-BF4B-00C04F79EFBC}") = "DatabaseRepositoryTestclient", "DatabaseRepositoryTestclient\DatabaseRepositoryTestclient.csproj", "{AC8100A0-171F-4DD6-8137-BE44BB72B10E}"
EndProject
Global
	GlobalSection(SolutionConfigurationPlatforms) = preSolution
		Debug|Any CPU = Debug|Any CPU
		Release|Any CPU = Release|Any CPU
	EndGlobalSection
	GlobalSection(ProjectConfigurationPlatforms) = postSolution
		{41D1E8B8-940D-4431-B7EC-DF733B08839A}.Debug|Any CPU.ActiveCfg = Debug|Any CPU
		{41D1E8B8-940D-4431-B7EC-DF733B08839A}.Debug|Any CPU.Build.0 = Debug|Any CPU
		{41D1E8B8-940D-4431-B7EC-DF733B08839A}.Release|Any CPU.ActiveCfg = Release|Any CPU
		{41D1E8B8-940D-4431-B7EC-DF733B08839A}.Release|Any CPU.Build.0 = Release|Any CPU
		{AC8100A0-171F-4DD6-8137-BE44BB72B10E}.Debug|Any CPU.ActiveCfg = Debug|Any CPU
		{AC8100A0-171F-4DD6-8137-BE44BB72B10E}.Debug|Any CPU.Build.0 = Debug|Any CPU
		{AC8100A0-171F-4DD6-8137-BE44BB72B10E}.Release|Any CPU.ActiveCfg = Release|Any CPU
		{AC8100A0-171F-4DD6-8137-BE44BB72B10E}.Release|Any CPU.Build.0 = Release|Any CPU
	EndGlobalSection
	GlobalSection(SolutionProperties) = preSolution
		HideSolutionNode = FALSE
	EndGlobalSection
	GlobalSection(ExtensibilityGlobals) = postSolution
		SolutionGuid = {F7A0FD5F-0F8E-4E1F-9D92-0D8EB2852376}
	EndGlobalSection
EndGlobal
