
Microsoft Visual Studio Solution File, Format Version 12.00
# Visual Studio 15
VisualStudioVersion = 15.0.27130.2027
MinimumVisualStudioVersion = 10.0.40219.1
Project("{FAE04EC0-301F-11D3-BF4B-00C04F79EFBC}") = "DbUp", "DbUp\DbUp.csproj", "{E1E8F76D-D165-4B59-AEBB-2A7722361515}"
EndProject
Global
	GlobalSection(SolutionConfigurationPlatforms) = preSolution
		Debug|Any CPU = Debug|Any CPU
		Release|Any CPU = Release|Any CPU
	EndGlobalSection
	GlobalSection(ProjectConfigurationPlatforms) = postSolution
		{E1E8F76D-D165-4B59-AEBB-2A7722361515}.Debug|Any CPU.ActiveCfg = Debug|Any CPU
		{E1E8F76D-D165-4B59-AEBB-2A7722361515}.Debug|Any CPU.Build.0 = Debug|Any CPU
		{E1E8F76D-D165-4B59-AEBB-2A7722361515}.Release|Any CPU.ActiveCfg = Release|Any CPU
		{E1E8F76D-D165-4B59-AEBB-2A7722361515}.Release|Any CPU.Build.0 = Release|Any CPU
	EndGlobalSection
	GlobalSection(SolutionProperties) = preSolution
		HideSolutionNode = FALSE
	EndGlobalSection
	GlobalSection(ExtensibilityGlobals) = postSolution
		SolutionGuid = {69206863-209D-4F59-83CF-1295A2B99677}
	EndGlobalSection
EndGlobal
