
Microsoft Visual Studio Solution File, Format Version 12.00
# Visual Studio 15
VisualStudioVersion = 15.0.27130.2010
MinimumVisualStudioVersion = 10.0.40219.1
Project("{9A19103F-16F7-4668-BE54-9A1E7A4F7556}") = "DbUp", "DbUp\DbUp.csproj", "{E1E8F76D-D165-4B59-AEBB-2A7722361515}"
EndProject
Project("{9A19103F-16F7-4668-BE54-9A1E7A4F7556}") = "DatabaseRepository", "DatabaseRepository\DatabaseRepository.csproj", "{40A7AF04-DDA3-40A2-8959-3951F9B2E3C8}"
EndProject
Project("{9A19103F-16F7-4668-BE54-9A1E7A4F7556}") = "DatabaseRepositoryTestclient", "DatabaseRepositoryTestclient\DatabaseRepositoryTestclient.csproj", "{E4514331-5FDC-408D-BD7C-D9F9328EAF7F}"
EndProject
Global
	GlobalSection(SolutionConfigurationPlatforms) = preSolution
		Debug|Any CPU = Debug|Any CPU
		Release|Any CPU = Release|Any CPU
	EndGlobalSection
	GlobalSection(ProjectConfigurationPlatforms) = postSolution
		{E1E8F76D-D165-4B59-AEBB-2A7722361515}.Debug|Any CPU.ActiveCfg = Debug|Any CPU
		{E1E8F76D-D165-4B59-AEBB-2A7722361515}.Debug|Any CPU.Build.0 = Debug|Any CPU
		{E1E8F76D-D165-4B59-AEBB-2A7722361515}.Release|Any CPU.ActiveCfg = Release|Any CPU
		{E1E8F76D-D165-4B59-AEBB-2A7722361515}.Release|Any CPU.Build.0 = Release|Any CPU
		{40A7AF04-DDA3-40A2-8959-3951F9B2E3C8}.Debug|Any CPU.ActiveCfg = Debug|Any CPU
		{40A7AF04-DDA3-40A2-8959-3951F9B2E3C8}.Debug|Any CPU.Build.0 = Debug|Any CPU
		{40A7AF04-DDA3-40A2-8959-3951F9B2E3C8}.Release|Any CPU.ActiveCfg = Release|Any CPU
		{40A7AF04-DDA3-40A2-8959-3951F9B2E3C8}.Release|Any CPU.Build.0 = Release|Any CPU
		{E4514331-5FDC-408D-BD7C-D9F9328EAF7F}.Debug|Any CPU.ActiveCfg = Debug|Any CPU
		{E4514331-5FDC-408D-BD7C-D9F9328EAF7F}.Debug|Any CPU.Build.0 = Debug|Any CPU
		{E4514331-5FDC-408D-BD7C-D9F9328EAF7F}.Release|Any CPU.ActiveCfg = Release|Any CPU
		{E4514331-5FDC-408D-BD7C-D9F9328EAF7F}.Release|Any CPU.Build.0 = Release|Any CPU
	EndGlobalSection
	GlobalSection(SolutionProperties) = preSolution
		HideSolutionNode = FALSE
	EndGlobalSection
	GlobalSection(ExtensibilityGlobals) = postSolution
		SolutionGuid = {69206863-209D-4F59-83CF-1295A2B99677}
	EndGlobalSection
EndGlobal
