
Microsoft Visual Studio Solution File, Format Version 12.00
# Visual Studio 15
VisualStudioVersion = 15.0.27130.2027
MinimumVisualStudioVersion = 10.0.40219.1
Project("{9A19103F-16F7-4668-BE54-9A1E7A4F7556}") = "DatabaseRepository", "DatabaseRepository\DatabaseRepository.csproj", "{B32B9919-BFF2-48C0-945C-01D2945BD57B}"
EndProject
Project("{9A19103F-16F7-4668-BE54-9A1E7A4F7556}") = "PaymentProvider", "PaymentProvider\PaymentProvider.csproj", "{57C5E6A3-A743-48A6-BE15-A581F201A15C}"
EndProject
Project("{9A19103F-16F7-4668-BE54-9A1E7A4F7556}") = "TicketShopAPI", "TicketShopAPI\TicketShopAPI.csproj", "{8A6E00E3-DC18-40E4-81A9-7E02FF7EA2F3}"
EndProject
Project("{9A19103F-16F7-4668-BE54-9A1E7A4F7556}") = "AuthenticationLibrary", "AuthenticationLibrary\AuthenticationLibrary.csproj", "{F5413F19-4E61-4C76-937F-CAF40BC03EC6}"
EndProject
Global
	GlobalSection(SolutionConfigurationPlatforms) = preSolution
		Debug|Any CPU = Debug|Any CPU
		Release|Any CPU = Release|Any CPU
	EndGlobalSection
	GlobalSection(ProjectConfigurationPlatforms) = postSolution
		{B32B9919-BFF2-48C0-945C-01D2945BD57B}.Debug|Any CPU.ActiveCfg = Debug|Any CPU
		{B32B9919-BFF2-48C0-945C-01D2945BD57B}.Debug|Any CPU.Build.0 = Debug|Any CPU
		{B32B9919-BFF2-48C0-945C-01D2945BD57B}.Release|Any CPU.ActiveCfg = Release|Any CPU
		{B32B9919-BFF2-48C0-945C-01D2945BD57B}.Release|Any CPU.Build.0 = Release|Any CPU
		{57C5E6A3-A743-48A6-BE15-A581F201A15C}.Debug|Any CPU.ActiveCfg = Debug|Any CPU
		{57C5E6A3-A743-48A6-BE15-A581F201A15C}.Debug|Any CPU.Build.0 = Debug|Any CPU
		{57C5E6A3-A743-48A6-BE15-A581F201A15C}.Release|Any CPU.ActiveCfg = Release|Any CPU
		{57C5E6A3-A743-48A6-BE15-A581F201A15C}.Release|Any CPU.Build.0 = Release|Any CPU
		{8A6E00E3-DC18-40E4-81A9-7E02FF7EA2F3}.Debug|Any CPU.ActiveCfg = Debug|Any CPU
		{8A6E00E3-DC18-40E4-81A9-7E02FF7EA2F3}.Debug|Any CPU.Build.0 = Debug|Any CPU
		{8A6E00E3-DC18-40E4-81A9-7E02FF7EA2F3}.Release|Any CPU.ActiveCfg = Release|Any CPU
		{8A6E00E3-DC18-40E4-81A9-7E02FF7EA2F3}.Release|Any CPU.Build.0 = Release|Any CPU
		{F5413F19-4E61-4C76-937F-CAF40BC03EC6}.Debug|Any CPU.ActiveCfg = Debug|Any CPU
		{F5413F19-4E61-4C76-937F-CAF40BC03EC6}.Debug|Any CPU.Build.0 = Debug|Any CPU
		{F5413F19-4E61-4C76-937F-CAF40BC03EC6}.Release|Any CPU.ActiveCfg = Release|Any CPU
		{F5413F19-4E61-4C76-937F-CAF40BC03EC6}.Release|Any CPU.Build.0 = Release|Any CPU
	EndGlobalSection
	GlobalSection(SolutionProperties) = preSolution
		HideSolutionNode = FALSE
	EndGlobalSection
	GlobalSection(ExtensibilityGlobals) = postSolution
		SolutionGuid = {2A4E9A1C-5F3B-4316-8EED-6391D5919C96}
	EndGlobalSection
EndGlobal
